<Solution>
  <Project Path="BookStore.Api/BookStore.Api.csproj" Id="dfae4827-6784-4b67-a6a2-96f52d73d039" />
  <Project Path="BookStore.Domain/BookStore.Domain.csproj" />
  <Project Path="BookStore.Infrastructure/BookStore.Infrastructure.csproj" Id="c68f015f-bf90-4ac3-a41d-11455a8d387d" />
</Solution>
